
Microsoft Visual Studio Solution File, Format Version 12.00
# Visual Studio Version 17
VisualStudioVersion = 17.9.34728.123
MinimumVisualStudioVersion = 10.0.40219.1
Project("{FAE04EC0-301F-11D3-BF4B-00C04F79EFBC}") = "Aplicacao_FW", "Aplicacao_FW\Aplicacao_FW.csproj", "{B9118EF9-CA63-4E89-884E-5CAF21D9B372}"
EndProject
Project("{FAE04EC0-301F-11D3-BF4B-00C04F79EFBC}") = "Dominio_FW", "Dominio_FW\Dominio_FW.csproj", "{023C2DBE-315B-4D52-AAD7-7988D83A8218}"
EndProject
Project("{FAE04EC0-301F-11D3-BF4B-00C04F79EFBC}") = "Repositorio_FW", "Repositorio_FW\Repositorio_FW.csproj", "{8A81BCCE-E38B-4048-8B03-1F1534B59204}"
EndProject
Project("{FAE04EC0-301F-11D3-BF4B-00C04F79EFBC}") = "View", "View\View.csproj", "{A62E78E3-77F1-4518-8FB7-FBAE8066BF9B}"
EndProject
Project("{FAE04EC0-301F-11D3-BF4B-00C04F79EFBC}") = "UnitTestes", "UnitTestes\UnitTestes.csproj", "{3C5FFC51-A9FD-4DF5-B407-C2562614095C}"
EndProject
Global
	GlobalSection(SolutionConfigurationPlatforms) = preSolution
		Debug|Any CPU = Debug|Any CPU
		Release|Any CPU = Release|Any CPU
	EndGlobalSection
	GlobalSection(ProjectConfigurationPlatforms) = postSolution
		{B9118EF9-CA63-4E89-884E-5CAF21D9B372}.Debug|Any CPU.ActiveCfg = Debug|Any CPU
		{B9118EF9-CA63-4E89-884E-5CAF21D9B372}.Debug|Any CPU.Build.0 = Debug|Any CPU
		{B9118EF9-CA63-4E89-884E-5CAF21D9B372}.Release|Any CPU.ActiveCfg = Release|Any CPU
		{B9118EF9-CA63-4E89-884E-5CAF21D9B372}.Release|Any CPU.Build.0 = Release|Any CPU
		{023C2DBE-315B-4D52-AAD7-7988D83A8218}.Debug|Any CPU.ActiveCfg = Debug|Any CPU
		{023C2DBE-315B-4D52-AAD7-7988D83A8218}.Debug|Any CPU.Build.0 = Debug|Any CPU
		{023C2DBE-315B-4D52-AAD7-7988D83A8218}.Release|Any CPU.ActiveCfg = Release|Any CPU
		{023C2DBE-315B-4D52-AAD7-7988D83A8218}.Release|Any CPU.Build.0 = Release|Any CPU
		{8A81BCCE-E38B-4048-8B03-1F1534B59204}.Debug|Any CPU.ActiveCfg = Debug|Any CPU
		{8A81BCCE-E38B-4048-8B03-1F1534B59204}.Debug|Any CPU.Build.0 = Debug|Any CPU
		{8A81BCCE-E38B-4048-8B03-1F1534B59204}.Release|Any CPU.ActiveCfg = Release|Any CPU
		{8A81BCCE-E38B-4048-8B03-1F1534B59204}.Release|Any CPU.Build.0 = Release|Any CPU
		{A62E78E3-77F1-4518-8FB7-FBAE8066BF9B}.Debug|Any CPU.ActiveCfg = Debug|Any CPU
		{A62E78E3-77F1-4518-8FB7-FBAE8066BF9B}.Debug|Any CPU.Build.0 = Debug|Any CPU
		{A62E78E3-77F1-4518-8FB7-FBAE8066BF9B}.Release|Any CPU.ActiveCfg = Release|Any CPU
		{A62E78E3-77F1-4518-8FB7-FBAE8066BF9B}.Release|Any CPU.Build.0 = Release|Any CPU
		{3C5FFC51-A9FD-4DF5-B407-C2562614095C}.Debug|Any CPU.ActiveCfg = Debug|Any CPU
		{3C5FFC51-A9FD-4DF5-B407-C2562614095C}.Debug|Any CPU.Build.0 = Debug|Any CPU
		{3C5FFC51-A9FD-4DF5-B407-C2562614095C}.Release|Any CPU.ActiveCfg = Release|Any CPU
		{3C5FFC51-A9FD-4DF5-B407-C2562614095C}.Release|Any CPU.Build.0 = Release|Any CPU
	EndGlobalSection
	GlobalSection(SolutionProperties) = preSolution
		HideSolutionNode = FALSE
	EndGlobalSection
	GlobalSection(ExtensibilityGlobals) = postSolution
		SolutionGuid = {7A3B95E4-61E8-49BE-9146-EF0704C45812}
	EndGlobalSection
EndGlobal
