
Microsoft Visual Studio Solution File, Format Version 12.00
# Visual Studio Version 17
VisualStudioVersion = 17.9.34728.123
MinimumVisualStudioVersion = 10.0.40219.1
Project("{FAE04EC0-301F-11D3-BF4B-00C04F79EFBC}") = "Dominio", "Dominio\Dominio.csproj", "{F8792DB0-913B-44A2-B265-DC7F0F6515A0}"
EndProject
Project("{FAE04EC0-301F-11D3-BF4B-00C04F79EFBC}") = "Repositorio", "Repositorio\Repositorio.csproj", "{7F447C16-D2EB-4CD7-95BA-86F37B444546}"
EndProject
Project("{FAE04EC0-301F-11D3-BF4B-00C04F79EFBC}") = "Aplicacao", "Applicacaio\Aplicacao.csproj", "{A828070C-3215-4D70-82D6-A13B96E5375B}"
EndProject
Global
	GlobalSection(SolutionConfigurationPlatforms) = preSolution
		Debug|Any CPU = Debug|Any CPU
		Release|Any CPU = Release|Any CPU
	EndGlobalSection
	GlobalSection(ProjectConfigurationPlatforms) = postSolution
		{F8792DB0-913B-44A2-B265-DC7F0F6515A0}.Debug|Any CPU.ActiveCfg = Debug|Any CPU
		{F8792DB0-913B-44A2-B265-DC7F0F6515A0}.Debug|Any CPU.Build.0 = Debug|Any CPU
		{F8792DB0-913B-44A2-B265-DC7F0F6515A0}.Release|Any CPU.ActiveCfg = Release|Any CPU
		{F8792DB0-913B-44A2-B265-DC7F0F6515A0}.Release|Any CPU.Build.0 = Release|Any CPU
		{7F447C16-D2EB-4CD7-95BA-86F37B444546}.Debug|Any CPU.ActiveCfg = Debug|Any CPU
		{7F447C16-D2EB-4CD7-95BA-86F37B444546}.Debug|Any CPU.Build.0 = Debug|Any CPU
		{7F447C16-D2EB-4CD7-95BA-86F37B444546}.Release|Any CPU.ActiveCfg = Release|Any CPU
		{7F447C16-D2EB-4CD7-95BA-86F37B444546}.Release|Any CPU.Build.0 = Release|Any CPU
		{A828070C-3215-4D70-82D6-A13B96E5375B}.Debug|Any CPU.ActiveCfg = Debug|Any CPU
		{A828070C-3215-4D70-82D6-A13B96E5375B}.Debug|Any CPU.Build.0 = Debug|Any CPU
		{A828070C-3215-4D70-82D6-A13B96E5375B}.Release|Any CPU.ActiveCfg = Release|Any CPU
		{A828070C-3215-4D70-82D6-A13B96E5375B}.Release|Any CPU.Build.0 = Release|Any CPU
	EndGlobalSection
	GlobalSection(SolutionProperties) = preSolution
		HideSolutionNode = FALSE
	EndGlobalSection
	GlobalSection(ExtensibilityGlobals) = postSolution
		SolutionGuid = {7A3B95E4-61E8-49BE-9146-EF0704C45812}
	EndGlobalSection
EndGlobal
